
Microsoft Visual Studio Solution File, Format Version 12.00
# Visual Studio 15
VisualStudioVersion = 15.0.28307.705
MinimumVisualStudioVersion = 10.0.40219.1
Project("{FAE04EC0-301F-11D3-BF4B-00C04F79EFBC}") = "InterfaceDocumentos", "InterfaceDocumentos\InterfaceDocumentos.csproj", "{D8EF63D9-0262-4D41-BD2D-F2FA30B03C04}"
EndProject
Global
	GlobalSection(SolutionConfigurationPlatforms) = preSolution
		Debug|Any CPU = Debug|Any CPU
		Release|Any CPU = Release|Any CPU
	EndGlobalSection
	GlobalSection(ProjectConfigurationPlatforms) = postSolution
		{D8EF63D9-0262-4D41-BD2D-F2FA30B03C04}.Debug|Any CPU.ActiveCfg = Debug|Any CPU
		{D8EF63D9-0262-4D41-BD2D-F2FA30B03C04}.Debug|Any CPU.Build.0 = Debug|Any CPU
		{D8EF63D9-0262-4D41-BD2D-F2FA30B03C04}.Release|Any CPU.ActiveCfg = Release|Any CPU
		{D8EF63D9-0262-4D41-BD2D-F2FA30B03C04}.Release|Any CPU.Build.0 = Release|Any CPU
	EndGlobalSection
	GlobalSection(SolutionProperties) = preSolution
		HideSolutionNode = FALSE
	EndGlobalSection
	GlobalSection(ExtensibilityGlobals) = postSolution
		SolutionGuid = {33B91DE3-8C0E-4A79-A71D-199C289A4695}
	EndGlobalSection
EndGlobal
